
Microsoft Visual Studio Solution File, Format Version 12.00
# Visual Studio Version 17
VisualStudioVersion = 17.5.33414.496
MinimumVisualStudioVersion = 10.0.40219.1
Project("{FAE04EC0-301F-11D3-BF4B-00C04F79EFBC}") = "TwoSum", "TwoSum\TwoSum.csproj", "{A6B9F160-16A0-4925-B44B-221A65A0D28D}"
EndProject
Global
	GlobalSection(SolutionConfigurationPlatforms) = preSolution
		Debug|Any CPU = Debug|Any CPU
		Release|Any CPU = Release|Any CPU
	EndGlobalSection
	GlobalSection(ProjectConfigurationPlatforms) = postSolution
		{A6B9F160-16A0-4925-B44B-221A65A0D28D}.Debug|Any CPU.ActiveCfg = Debug|Any CPU
		{A6B9F160-16A0-4925-B44B-221A65A0D28D}.Debug|Any CPU.Build.0 = Debug|Any CPU
		{A6B9F160-16A0-4925-B44B-221A65A0D28D}.Release|Any CPU.ActiveCfg = Release|Any CPU
		{A6B9F160-16A0-4925-B44B-221A65A0D28D}.Release|Any CPU.Build.0 = Release|Any CPU
	EndGlobalSection
	GlobalSection(SolutionProperties) = preSolution
		HideSolutionNode = FALSE
	EndGlobalSection
	GlobalSection(ExtensibilityGlobals) = postSolution
		SolutionGuid = {E9586D32-FF1A-49A8-B4B5-2AC667CBE000}
	EndGlobalSection
EndGlobal
